
Microsoft Visual Studio Solution File, Format Version 12.00
# Visual Studio Version 17
VisualStudioVersion = 17.3.32901.215
MinimumVisualStudioVersion = 10.0.40219.1
Project("{FAE04EC0-301F-11D3-BF4B-00C04F79EFBC}") = "weatherAPI", "weatherAPI\weatherAPI.csproj", "{23D2B09B-9F4B-4370-BDE3-0A83AB44DA52}"
EndProject
Global
	GlobalSection(SolutionConfigurationPlatforms) = preSolution
		Debug|Any CPU = Debug|Any CPU
		Release|Any CPU = Release|Any CPU
	EndGlobalSection
	GlobalSection(ProjectConfigurationPlatforms) = postSolution
		{23D2B09B-9F4B-4370-BDE3-0A83AB44DA52}.Debug|Any CPU.ActiveCfg = Debug|Any CPU
		{23D2B09B-9F4B-4370-BDE3-0A83AB44DA52}.Debug|Any CPU.Build.0 = Debug|Any CPU
		{23D2B09B-9F4B-4370-BDE3-0A83AB44DA52}.Release|Any CPU.ActiveCfg = Release|Any CPU
		{23D2B09B-9F4B-4370-BDE3-0A83AB44DA52}.Release|Any CPU.Build.0 = Release|Any CPU
	EndGlobalSection
	GlobalSection(SolutionProperties) = preSolution
		HideSolutionNode = FALSE
	EndGlobalSection
	GlobalSection(ExtensibilityGlobals) = postSolution
		SolutionGuid = {097BA929-729A-4C36-9F2D-01FAB637E645}
	EndGlobalSection
EndGlobal
